
Microsoft Visual Studio Solution File, Format Version 12.00
# Visual Studio 15
VisualStudioVersion = 15.0.28307.572
MinimumVisualStudioVersion = 10.0.40219.1
Project("{FAE04EC0-301F-11D3-BF4B-00C04F79EFBC}") = "Cementerio", "Cementerio\Cementerio.csproj", "{F072CAA6-EBDA-470C-A237-45C04D674915}"
EndProject
Project("{FAE04EC0-301F-11D3-BF4B-00C04F79EFBC}") = "Servicios", "Servicios\Servicios.csproj", "{6E5C78F0-AE2F-4EF3-AB36-79CFAC219341}"
EndProject
Global
	GlobalSection(SolutionConfigurationPlatforms) = preSolution
		Debug|Any CPU = Debug|Any CPU
		Release|Any CPU = Release|Any CPU
	EndGlobalSection
	GlobalSection(ProjectConfigurationPlatforms) = postSolution
		{F072CAA6-EBDA-470C-A237-45C04D674915}.Debug|Any CPU.ActiveCfg = Debug|Any CPU
		{F072CAA6-EBDA-470C-A237-45C04D674915}.Debug|Any CPU.Build.0 = Debug|Any CPU
		{F072CAA6-EBDA-470C-A237-45C04D674915}.Release|Any CPU.ActiveCfg = Release|Any CPU
		{F072CAA6-EBDA-470C-A237-45C04D674915}.Release|Any CPU.Build.0 = Release|Any CPU
		{6E5C78F0-AE2F-4EF3-AB36-79CFAC219341}.Debug|Any CPU.ActiveCfg = Debug|Any CPU
		{6E5C78F0-AE2F-4EF3-AB36-79CFAC219341}.Debug|Any CPU.Build.0 = Debug|Any CPU
		{6E5C78F0-AE2F-4EF3-AB36-79CFAC219341}.Release|Any CPU.ActiveCfg = Release|Any CPU
		{6E5C78F0-AE2F-4EF3-AB36-79CFAC219341}.Release|Any CPU.Build.0 = Release|Any CPU
	EndGlobalSection
	GlobalSection(SolutionProperties) = preSolution
		HideSolutionNode = FALSE
	EndGlobalSection
	GlobalSection(ExtensibilityGlobals) = postSolution
		SolutionGuid = {99E7C778-E1D4-4D6A-A0F4-700F3DD2411F}
	EndGlobalSection
EndGlobal
